#
# This file is autogenerated by pip-compile with Python 3.13
# by the following command:
#
#    pip-compile --output-file=requirements.lock requirements.in
#
annotated-types==0.7.0
    # via pydantic
anthropic==0.39.0
    # via -r requirements.in
antlr4-python3-runtime==4.9.3
    # via omegaconf
anyio==4.9.0
    # via
    #   anthropic
    #   httpx
    #   starlette
attrs==25.3.0
    # via
    #   jsonschema
    #   referencing
    #   sagemaker
boto3==1.39.7
    # via
    #   cohere
    #   sagemaker
    #   sagemaker-core
botocore==1.39.7
    # via
    #   boto3
    #   s3transfer
certifi==2025.7.14
    # via
    #   httpcore
    #   httpx
    #   requests
charset-normalizer==3.4.2
    # via requests
click==8.2.1
    # via uvicorn
cloudpickle==3.1.1
    # via sagemaker
cohere==5.11.0
    # via -r requirements.in
dill==0.4.0
    # via
    #   multiprocess
    #   pathos
distro==1.9.0
    # via anthropic
docker==7.1.0
    # via sagemaker
fastapi==0.115.5
    # via
    #   -r requirements.in
    #   sagemaker
fastavro==1.11.1
    # via cohere
filelock==3.18.0
    # via huggingface-hub
fsspec==2025.7.0
    # via huggingface-hub
google-pasta==0.2.0
    # via sagemaker
graphene==3.4.3
    # via sagemaker
graphql-core==3.2.6
    # via
    #   graphene
    #   graphql-relay
graphql-relay==3.2.0
    # via graphene
h11==0.16.0
    # via
    #   httpcore
    #   uvicorn
hf-xet==1.1.5
    # via huggingface-hub
httpcore==1.0.9
    # via httpx
httpx==0.28.1
    # via
    #   anthropic
    #   cohere
httpx-sse==0.4.0
    # via cohere
huggingface-hub==0.33.4
    # via tokenizers
idna==3.10
    # via
    #   anyio
    #   httpx
    #   requests
importlib-metadata==6.11.0
    # via
    #   sagemaker
    #   sagemaker-core
jiter==0.10.0
    # via anthropic
jmespath==1.0.1
    # via
    #   boto3
    #   botocore
jsonschema==4.24.0
    # via
    #   sagemaker
    #   sagemaker-core
jsonschema-specifications==2025.4.1
    # via jsonschema
markdown-it-py==3.0.0
    # via rich
mdurl==0.1.2
    # via markdown-it-py
mock==4.0.3
    # via sagemaker-core
multiprocess==0.70.18
    # via pathos
neo4j==5.25.0
    # via -r requirements.in
numpy==1.26.4
    # via
    #   -r requirements.in
    #   pandas
    #   sagemaker
omegaconf==2.3.0
    # via sagemaker
packaging==24.2
    # via
    #   huggingface-hub
    #   sagemaker
pandas==2.3.1
    # via sagemaker
parameterized==0.9.0
    # via cohere
pathos==0.3.4
    # via sagemaker
platformdirs==4.3.8
    # via
    #   sagemaker
    #   sagemaker-core
pox==0.3.6
    # via pathos
ppft==1.7.7
    # via pathos
protobuf==6.31.1
    # via sagemaker
psutil==7.0.0
    # via sagemaker
pydantic==2.10.2
    # via
    #   -r requirements.in
    #   anthropic
    #   cohere
    #   fastapi
    #   sagemaker-core
pydantic-core==2.27.1
    # via
    #   cohere
    #   pydantic
pygments==2.19.2
    # via rich
python-dateutil==2.9.0.post0
    # via
    #   botocore
    #   graphene
    #   pandas
python-dotenv==1.0.1
    # via -r requirements.in
pytz==2025.2
    # via
    #   neo4j
    #   pandas
pyyaml==6.0.2
    # via
    #   huggingface-hub
    #   omegaconf
    #   sagemaker
    #   sagemaker-core
referencing==0.36.2
    # via
    #   jsonschema
    #   jsonschema-specifications
requests==2.32.4
    # via
    #   cohere
    #   docker
    #   huggingface-hub
    #   sagemaker
rich==14.0.0
    # via sagemaker-core
rpds-py==0.26.0
    # via
    #   jsonschema
    #   referencing
s3transfer==0.13.0
    # via boto3
sagemaker==2.248.1
    # via cohere
sagemaker-core==1.0.42
    # via sagemaker
schema==0.7.7
    # via sagemaker
six==1.17.0
    # via
    #   google-pasta
    #   python-dateutil
smdebug-rulesconfig==1.0.1
    # via sagemaker
sniffio==1.3.1
    # via
    #   anthropic
    #   anyio
starlette==0.41.3
    # via fastapi
tblib==3.1.0
    # via sagemaker
tokenizers==0.21.2
    # via cohere
tqdm==4.67.1
    # via
    #   huggingface-hub
    #   sagemaker
types-requests==2.32.4.20250611
    # via cohere
typing-extensions==4.14.1
    # via
    #   anthropic
    #   cohere
    #   fastapi
    #   graphene
    #   huggingface-hub
    #   pydantic
    #   pydantic-core
tzdata==2025.2
    # via pandas
urllib3==2.5.0
    # via
    #   botocore
    #   docker
    #   requests
    #   sagemaker
    #   types-requests
uvicorn==0.32.1
    # via
    #   -r requirements.in
    #   sagemaker
zipp==3.23.0
    # via importlib-metadata
